
Microsoft Visual Studio Solution File, Format Version 12.00
# Visual Studio 15
VisualStudioVersion = 15.0.27703.2000
MinimumVisualStudioVersion = 10.0.40219.1
Project("{9A19103F-16F7-4668-BE54-9A1E7A4F7556}") = "AzureDay.WebApp.WWW", "AzureDay.WebApp.WWW\AzureDay.WebApp.WWW.csproj", "{22871FEF-9411-4DE2-AE9D-FA61340376CB}"
EndProject
Project("{9A19103F-16F7-4668-BE54-9A1E7A4F7556}") = "AzureDay.WebApp.Database", "AzureDay.WebApp.Database\AzureDay.WebApp.Database.csproj", "{A9FB99A3-644D-4674-A65F-3BA2F2B083AF}"
EndProject
Project("{9A19103F-16F7-4668-BE54-9A1E7A4F7556}") = "AzureDay.WebApp.Config", "AzureDay.WebApp.Config\AzureDay.WebApp.Config.csproj", "{2BA06969-99B3-4BD1-8367-E2D8F77A7031}"
EndProject
Project("{9A19103F-16F7-4668-BE54-9A1E7A4F7556}") = "AzureDay.WebApp.PaymentGateway", "AzureDay.WebApp.PaymentGateway\AzureDay.WebApp.PaymentGateway.csproj", "{52DE0ABB-D699-469D-B6AE-ADA545D3AE6E}"
EndProject
Project("{9A19103F-16F7-4668-BE54-9A1E7A4F7556}") = "AzureDay.WebApp.Localization", "AzureDay.WebApp.Localization\AzureDay.WebApp.Localization.csproj", "{0E473760-8F29-48F7-A8A8-1ABDFE09CE78}"
EndProject
Project("{9A19103F-16F7-4668-BE54-9A1E7A4F7556}") = "AzureDay.WebApp.Notification", "AzureDay.WebApp.Notification\AzureDay.WebApp.Notification.csproj", "{39B95274-E72B-403A-B685-680E7F20BCF1}"
EndProject
Global
	GlobalSection(SolutionConfigurationPlatforms) = preSolution
		Debug|Any CPU = Debug|Any CPU
		Release|Any CPU = Release|Any CPU
	EndGlobalSection
	GlobalSection(ProjectConfigurationPlatforms) = postSolution
		{22871FEF-9411-4DE2-AE9D-FA61340376CB}.Debug|Any CPU.ActiveCfg = Debug|Any CPU
		{22871FEF-9411-4DE2-AE9D-FA61340376CB}.Debug|Any CPU.Build.0 = Debug|Any CPU
		{22871FEF-9411-4DE2-AE9D-FA61340376CB}.Release|Any CPU.ActiveCfg = Release|Any CPU
		{22871FEF-9411-4DE2-AE9D-FA61340376CB}.Release|Any CPU.Build.0 = Release|Any CPU
		{A9FB99A3-644D-4674-A65F-3BA2F2B083AF}.Debug|Any CPU.ActiveCfg = Debug|Any CPU
		{A9FB99A3-644D-4674-A65F-3BA2F2B083AF}.Debug|Any CPU.Build.0 = Debug|Any CPU
		{A9FB99A3-644D-4674-A65F-3BA2F2B083AF}.Release|Any CPU.ActiveCfg = Release|Any CPU
		{A9FB99A3-644D-4674-A65F-3BA2F2B083AF}.Release|Any CPU.Build.0 = Release|Any CPU
		{2BA06969-99B3-4BD1-8367-E2D8F77A7031}.Debug|Any CPU.ActiveCfg = Debug|Any CPU
		{2BA06969-99B3-4BD1-8367-E2D8F77A7031}.Debug|Any CPU.Build.0 = Debug|Any CPU
		{2BA06969-99B3-4BD1-8367-E2D8F77A7031}.Release|Any CPU.ActiveCfg = Release|Any CPU
		{2BA06969-99B3-4BD1-8367-E2D8F77A7031}.Release|Any CPU.Build.0 = Release|Any CPU
		{52DE0ABB-D699-469D-B6AE-ADA545D3AE6E}.Debug|Any CPU.ActiveCfg = Debug|Any CPU
		{52DE0ABB-D699-469D-B6AE-ADA545D3AE6E}.Debug|Any CPU.Build.0 = Debug|Any CPU
		{52DE0ABB-D699-469D-B6AE-ADA545D3AE6E}.Release|Any CPU.ActiveCfg = Release|Any CPU
		{52DE0ABB-D699-469D-B6AE-ADA545D3AE6E}.Release|Any CPU.Build.0 = Release|Any CPU
		{0E473760-8F29-48F7-A8A8-1ABDFE09CE78}.Debug|Any CPU.ActiveCfg = Debug|Any CPU
		{0E473760-8F29-48F7-A8A8-1ABDFE09CE78}.Debug|Any CPU.Build.0 = Debug|Any CPU
		{0E473760-8F29-48F7-A8A8-1ABDFE09CE78}.Release|Any CPU.ActiveCfg = Release|Any CPU
		{0E473760-8F29-48F7-A8A8-1ABDFE09CE78}.Release|Any CPU.Build.0 = Release|Any CPU
		{39B95274-E72B-403A-B685-680E7F20BCF1}.Debug|Any CPU.ActiveCfg = Debug|Any CPU
		{39B95274-E72B-403A-B685-680E7F20BCF1}.Debug|Any CPU.Build.0 = Debug|Any CPU
		{39B95274-E72B-403A-B685-680E7F20BCF1}.Release|Any CPU.ActiveCfg = Release|Any CPU
		{39B95274-E72B-403A-B685-680E7F20BCF1}.Release|Any CPU.Build.0 = Release|Any CPU
	EndGlobalSection
	GlobalSection(SolutionProperties) = preSolution
		HideSolutionNode = FALSE
	EndGlobalSection
	GlobalSection(ExtensibilityGlobals) = postSolution
		SolutionGuid = {27615C54-C0C8-4548-A694-33DCCDED80FE}
	EndGlobalSection
EndGlobal
